
Microsoft Visual Studio Solution File, Format Version 12.00
# Visual Studio Version 16
VisualStudioVersion = 16.0.35731.53
MinimumVisualStudioVersion = 10.0.40219.1
Project("{FAE04EC0-301F-11D3-BF4B-00C04F79EFBC}") = "ConsoleApp1", "ConsoleApp1\ConsoleApp1.csproj", "{722B229F-F07E-4D9F-A07E-EAD87F52DF7D}"
EndProject
Global
	GlobalSection(SolutionConfigurationPlatforms) = preSolution
		Debug|Any CPU = Debug|Any CPU
		Release|Any CPU = Release|Any CPU
	EndGlobalSection
	GlobalSection(ProjectConfigurationPlatforms) = postSolution
		{722B229F-F07E-4D9F-A07E-EAD87F52DF7D}.Debug|Any CPU.ActiveCfg = Debug|Any CPU
		{722B229F-F07E-4D9F-A07E-EAD87F52DF7D}.Debug|Any CPU.Build.0 = Debug|Any CPU
		{722B229F-F07E-4D9F-A07E-EAD87F52DF7D}.Release|Any CPU.ActiveCfg = Release|Any CPU
		{722B229F-F07E-4D9F-A07E-EAD87F52DF7D}.Release|Any CPU.Build.0 = Release|Any CPU
	EndGlobalSection
	GlobalSection(SolutionProperties) = preSolution
		HideSolutionNode = FALSE
	EndGlobalSection
	GlobalSection(ExtensibilityGlobals) = postSolution
		SolutionGuid = {1F25D787-87D1-43E7-A861-EC92E550EF64}
	EndGlobalSection
EndGlobal
